{
    "hash": "a09dd31d52546f0ea19c344a0534c0dc",
    "packages": [
        {
            "name": "chh/optparse",
            "version": "dev-master",
            "source": {
                "type": "git",
                "url": "git://github.com/CHH/optparse",
                "reference": "3abf522b87b4952ce4afb6e1eed217fa22295f1b"
            },
            "dist": {
                "type": "zip",
                "url": "https://github.com/CHH/optparse/archive/3abf522b87b4952ce4afb6e1eed217fa22295f1b.zip",
                "reference": "3abf522b87b4952ce4afb6e1eed217fa22295f1b",
                "shasum": ""
            },
            "require": {
                "php": ">=5.3.3"
            },
            "time": "2012-08-28 17:25:43",
            "type": "library",
            "installation-source": "source",
            "autoload": {
                "classmap": [
                    "lib/"
                ]
            },
            "license": [
                "mit"
            ],
            "authors": [
                {
                    "name": "Christoph Hochstrasser",
                    "email": "christoph.hochstrasser@gmail.com",
                    "homepage": "http://christophh.net"
                }
            ],
            "description": "Easy to use option parser.",
            "keywords": [
                "cli"
            ]
        }
    ],
    "packages-dev": null,
    "aliases": [

    ],
    "minimum-stability": "stable",
    "stability-flags": {
        "chh/optparse": 20
    }
}
